
Microsoft Visual Studio Solution File, Format Version 12.00
# Visual Studio Version 17
VisualStudioVersion = 17.10.35201.131
MinimumVisualStudioVersion = 10.0.40219.1
Project("{9A19103F-16F7-4668-BE54-9A1E7A4F7556}") = "stage0", "stage0\stage0.csproj", "{29BF3C50-6D73-445A-B5E0-228271B36767}"
EndProject
Project("{2150E333-8FDC-42A3-9474-1A3956D46DE8}") = "Solution Items", "Solution Items", "{B7B0DC0E-FD44-458A-A2DB-CC8DB4FBD17C}"
	ProjectSection(SolutionItems) = preProject
		README.md = README.md
	EndProjectSection
EndProject
Global
	GlobalSection(SolutionConfigurationPlatforms) = preSolution
		Debug|Any CPU = Debug|Any CPU
		Release|Any CPU = Release|Any CPU
	EndGlobalSection
	GlobalSection(ProjectConfigurationPlatforms) = postSolution
		{29BF3C50-6D73-445A-B5E0-228271B36767}.Debug|Any CPU.ActiveCfg = Debug|Any CPU
		{29BF3C50-6D73-445A-B5E0-228271B36767}.Debug|Any CPU.Build.0 = Debug|Any CPU
		{29BF3C50-6D73-445A-B5E0-228271B36767}.Release|Any CPU.ActiveCfg = Release|Any CPU
		{29BF3C50-6D73-445A-B5E0-228271B36767}.Release|Any CPU.Build.0 = Release|Any CPU
	EndGlobalSection
	GlobalSection(SolutionProperties) = preSolution
		HideSolutionNode = FALSE
	EndGlobalSection
	GlobalSection(ExtensibilityGlobals) = postSolution
		SolutionGuid = {6E3C24CA-7EDC-4849-81A9-8083EEB5499C}
	EndGlobalSection
EndGlobal
